{
  "name": "front",
  "version": "1.0.0",
  "lockfileVersion": 1,
  "requires": true,
  "dependencies": {
    "bootstrap-reboot": {
      "version": "4.3.1",
      "resolved": "https://registry.npmjs.org/bootstrap-reboot/-/bootstrap-reboot-4.3.1.tgz",
      "integrity": "sha512-0DU6p6wg8q+4lXXaIzQByP79U+MkzPdz4s43mBlVjFtbx+w+vyuAk9DlBqf6EMZgAmwzDRwrmewY41P12Jykug=="
    }
  }
}
